
Microsoft Visual Studio Solution File, Format Version 12.00
# Visual Studio Version 17
VisualStudioVersion = 17.9.34723.18
MinimumVisualStudioVersion = 10.0.40219.1
Project("{9A19103F-16F7-4668-BE54-9A1E7A4F7556}") = "IE4C1_WinForm", "IE4C1_WinForm\IE4C1_WinForm.csproj", "{7233CD61-2AEA-4984-B3FD-BD80EB5BAA21}"
EndProject
Project("{54435603-DBB4-11D2-8724-00A0C9A8B90C}") = "MyApp - IE4C1", "MyApp - IE4C1\MyApp - IE4C1.vdproj", "{255A3CFC-112A-45F4-9408-48B406DB24E9}"
EndProject
Global
	GlobalSection(SolutionConfigurationPlatforms) = preSolution
		Debug|Any CPU = Debug|Any CPU
		Release|Any CPU = Release|Any CPU
	EndGlobalSection
	GlobalSection(ProjectConfigurationPlatforms) = postSolution
		{7233CD61-2AEA-4984-B3FD-BD80EB5BAA21}.Debug|Any CPU.ActiveCfg = Debug|Any CPU
		{7233CD61-2AEA-4984-B3FD-BD80EB5BAA21}.Debug|Any CPU.Build.0 = Debug|Any CPU
		{7233CD61-2AEA-4984-B3FD-BD80EB5BAA21}.Release|Any CPU.ActiveCfg = Release|Any CPU
		{7233CD61-2AEA-4984-B3FD-BD80EB5BAA21}.Release|Any CPU.Build.0 = Release|Any CPU
		{255A3CFC-112A-45F4-9408-48B406DB24E9}.Debug|Any CPU.ActiveCfg = Debug
		{255A3CFC-112A-45F4-9408-48B406DB24E9}.Release|Any CPU.ActiveCfg = Release
	EndGlobalSection
	GlobalSection(SolutionProperties) = preSolution
		HideSolutionNode = FALSE
	EndGlobalSection
	GlobalSection(ExtensibilityGlobals) = postSolution
		SolutionGuid = {7DDB2E61-3312-4F7A-A0B2-BFD529EED61A}
	EndGlobalSection
EndGlobal
